// !$*UTF8*$!
{
	archiveVersion = 1;
	classes = {
	};
	objectVersion = 46;
	objects = {

/* Begin PBXAggregateTarget section */
		"Tractor::TractorPackageTests::ProductTarget" /* TractorPackageTests */ = {
			isa = PBXAggregateTarget;
			buildConfigurationList = OBJ_172 /* Build configuration list for PBXAggregateTarget "TractorPackageTests" */;
			buildPhases = (
			);
			dependencies = (
				OBJ_175 /* PBXTargetDependency */,
			);
			name = TractorPackageTests;
			productName = TractorPackageTests;
		};
/* End PBXAggregateTarget section */

/* Begin PBXBuildFile section */
		02D90D042431319F009136A4 /* XCResultOutputFileParser.swift in Sources */ = {isa = PBXBuildFile; fileRef = 02D90D032431319F009136A4 /* XCResultOutputFileParser.swift */; };
		OBJ_100 /* ParsedValues.swift in Sources */ = {isa = PBXBuildFile; fileRef = OBJ_45 /* ParsedValues.swift */; };
		OBJ_101 /* ParserError.swift in Sources */ = {isa = PBXBuildFile; fileRef = OBJ_46 /* ParserError.swift */; };
		OBJ_102 /* SplitArguments.swift in Sources */ = {isa = PBXBuildFile; fileRef = OBJ_47 /* SplitArguments.swift */; };
		OBJ_103 /* HelpCommand.swift in Sources */ = {isa = PBXBuildFile; fileRef = OBJ_49 /* HelpCommand.swift */; };
		OBJ_104 /* HelpGenerator.swift in Sources */ = {isa = PBXBuildFile; fileRef = OBJ_50 /* HelpGenerator.swift */; };
		OBJ_105 /* MessageInfo.swift in Sources */ = {isa = PBXBuildFile; fileRef = OBJ_51 /* MessageInfo.swift */; };
		OBJ_106 /* UsageGenerator.swift in Sources */ = {isa = PBXBuildFile; fileRef = OBJ_52 /* UsageGenerator.swift */; };
		OBJ_107 /* StringExtensions.swift in Sources */ = {isa = PBXBuildFile; fileRef = OBJ_54 /* StringExtensions.swift */; };
		OBJ_108 /* Tree.swift in Sources */ = {isa = PBXBuildFile; fileRef = OBJ_55 /* Tree.swift */; };
		OBJ_115 /* Files.swift in Sources */ = {isa = PBXBuildFile; fileRef = OBJ_66 /* Files.swift */; };
		OBJ_122 /* Package.swift in Sources */ = {isa = PBXBuildFile; fileRef = OBJ_65 /* Package.swift */; };
		OBJ_128 /* ShellOut.swift in Sources */ = {isa = PBXBuildFile; fileRef = OBJ_63 /* ShellOut.swift */; };
		OBJ_135 /* Package.swift in Sources */ = {isa = PBXBuildFile; fileRef = OBJ_62 /* Package.swift */; };
		OBJ_141 /* main.swift in Sources */ = {isa = PBXBuildFile; fileRef = OBJ_9 /* main.swift */; };
		OBJ_143 /* ArgumentParser.framework in Frameworks */ = {isa = PBXBuildFile; fileRef = "swift-argument-parser::ArgumentParser::Product" /* ArgumentParser.framework */; };
		OBJ_144 /* TractorCore.framework in Frameworks */ = {isa = PBXBuildFile; fileRef = "Tractor::TractorCore::Product" /* TractorCore.framework */; };
		OBJ_145 /* ShellOut.framework in Frameworks */ = {isa = PBXBuildFile; fileRef = "ShellOut::ShellOut::Product" /* ShellOut.framework */; };
		OBJ_146 /* Files.framework in Frameworks */ = {isa = PBXBuildFile; fileRef = "Files::Files::Product" /* Files.framework */; };
		OBJ_156 /* ReportModels.swift in Sources */ = {isa = PBXBuildFile; fileRef = OBJ_12 /* ReportModels.swift */; };
		OBJ_157 /* TractorOutput.swift in Sources */ = {isa = PBXBuildFile; fileRef = OBJ_13 /* TractorOutput.swift */; };
		OBJ_158 /* Tractor.swift in Sources */ = {isa = PBXBuildFile; fileRef = OBJ_14 /* Tractor.swift */; };
		OBJ_159 /* XCResultProcessor.swift in Sources */ = {isa = PBXBuildFile; fileRef = OBJ_15 /* XCResultProcessor.swift */; };
		OBJ_161 /* ShellOut.framework in Frameworks */ = {isa = PBXBuildFile; fileRef = "ShellOut::ShellOut::Product" /* ShellOut.framework */; };
		OBJ_162 /* Files.framework in Frameworks */ = {isa = PBXBuildFile; fileRef = "Files::Files::Product" /* Files.framework */; };
		OBJ_170 /* Package.swift in Sources */ = {isa = PBXBuildFile; fileRef = OBJ_6 /* Package.swift */; };
		OBJ_181 /* TractorTests.swift in Sources */ = {isa = PBXBuildFile; fileRef = OBJ_18 /* TractorTests.swift */; };
		OBJ_182 /* XCTestManifests.swift in Sources */ = {isa = PBXBuildFile; fileRef = OBJ_19 /* XCTestManifests.swift */; };
		OBJ_184 /* ArgumentParser.framework in Frameworks */ = {isa = PBXBuildFile; fileRef = "swift-argument-parser::ArgumentParser::Product" /* ArgumentParser.framework */; };
		OBJ_185 /* TractorCore.framework in Frameworks */ = {isa = PBXBuildFile; fileRef = "Tractor::TractorCore::Product" /* TractorCore.framework */; };
		OBJ_186 /* ShellOut.framework in Frameworks */ = {isa = PBXBuildFile; fileRef = "ShellOut::ShellOut::Product" /* ShellOut.framework */; };
		OBJ_187 /* Files.framework in Frameworks */ = {isa = PBXBuildFile; fileRef = "Files::Files::Product" /* Files.framework */; };
		OBJ_198 /* Package.swift in Sources */ = {isa = PBXBuildFile; fileRef = OBJ_60 /* Package.swift */; };
		OBJ_81 /* Argument.swift in Sources */ = {isa = PBXBuildFile; fileRef = OBJ_24 /* Argument.swift */; };
		OBJ_82 /* ArgumentHelp.swift in Sources */ = {isa = PBXBuildFile; fileRef = OBJ_25 /* ArgumentHelp.swift */; };
		OBJ_83 /* Errors.swift in Sources */ = {isa = PBXBuildFile; fileRef = OBJ_26 /* Errors.swift */; };
		OBJ_84 /* Flag.swift in Sources */ = {isa = PBXBuildFile; fileRef = OBJ_27 /* Flag.swift */; };
		OBJ_85 /* NameSpecification.swift in Sources */ = {isa = PBXBuildFile; fileRef = OBJ_28 /* NameSpecification.swift */; };
		OBJ_86 /* Option.swift in Sources */ = {isa = PBXBuildFile; fileRef = OBJ_29 /* Option.swift */; };
		OBJ_87 /* OptionGroup.swift in Sources */ = {isa = PBXBuildFile; fileRef = OBJ_30 /* OptionGroup.swift */; };
		OBJ_88 /* CommandConfiguration.swift in Sources */ = {isa = PBXBuildFile; fileRef = OBJ_32 /* CommandConfiguration.swift */; };
		OBJ_89 /* ExpressibleByArgument.swift in Sources */ = {isa = PBXBuildFile; fileRef = OBJ_33 /* ExpressibleByArgument.swift */; };
		OBJ_90 /* ParsableArguments.swift in Sources */ = {isa = PBXBuildFile; fileRef = OBJ_34 /* ParsableArguments.swift */; };
		OBJ_91 /* ParsableCommand.swift in Sources */ = {isa = PBXBuildFile; fileRef = OBJ_35 /* ParsableCommand.swift */; };
		OBJ_92 /* ArgumentDecoder.swift in Sources */ = {isa = PBXBuildFile; fileRef = OBJ_37 /* ArgumentDecoder.swift */; };
		OBJ_93 /* ArgumentDefinition.swift in Sources */ = {isa = PBXBuildFile; fileRef = OBJ_38 /* ArgumentDefinition.swift */; };
		OBJ_94 /* ArgumentSet.swift in Sources */ = {isa = PBXBuildFile; fileRef = OBJ_39 /* ArgumentSet.swift */; };
		OBJ_95 /* ArgumentSetSequence.swift in Sources */ = {isa = PBXBuildFile; fileRef = OBJ_40 /* ArgumentSetSequence.swift */; };
		OBJ_96 /* CommandParser.swift in Sources */ = {isa = PBXBuildFile; fileRef = OBJ_41 /* CommandParser.swift */; };
		OBJ_97 /* InputOrigin.swift in Sources */ = {isa = PBXBuildFile; fileRef = OBJ_42 /* InputOrigin.swift */; };
		OBJ_98 /* Name.swift in Sources */ = {isa = PBXBuildFile; fileRef = OBJ_43 /* Name.swift */; };
		OBJ_99 /* Parsed.swift in Sources */ = {isa = PBXBuildFile; fileRef = OBJ_44 /* Parsed.swift */; };
/* End PBXBuildFile section */

/* Begin PBXContainerItemProxy section */
		02D90CF62430DC6D009136A4 /* PBXContainerItemProxy */ = {
			isa = PBXContainerItemProxy;
			containerPortal = OBJ_1 /* Project object */;
			proxyType = 1;
			remoteGlobalIDString = "swift-argument-parser::ArgumentParser";
			remoteInfo = ArgumentParser;
		};
		02D90CF72430DC6D009136A4 /* PBXContainerItemProxy */ = {
			isa = PBXContainerItemProxy;
			containerPortal = OBJ_1 /* Project object */;
			proxyType = 1;
			remoteGlobalIDString = "Tractor::TractorCore";
			remoteInfo = TractorCore;
		};
		02D90CF82430DC6D009136A4 /* PBXContainerItemProxy */ = {
			isa = PBXContainerItemProxy;
			containerPortal = OBJ_1 /* Project object */;
			proxyType = 1;
			remoteGlobalIDString = "ShellOut::ShellOut";
			remoteInfo = ShellOut;
		};
		02D90CF92430DC6D009136A4 /* PBXContainerItemProxy */ = {
			isa = PBXContainerItemProxy;
			containerPortal = OBJ_1 /* Project object */;
			proxyType = 1;
			remoteGlobalIDString = "Files::Files";
			remoteInfo = Files;
		};
		02D90CFA2430DC6D009136A4 /* PBXContainerItemProxy */ = {
			isa = PBXContainerItemProxy;
			containerPortal = OBJ_1 /* Project object */;
			proxyType = 1;
			remoteGlobalIDString = "ShellOut::ShellOut";
			remoteInfo = ShellOut;
		};
		02D90CFB2430DC6D009136A4 /* PBXContainerItemProxy */ = {
			isa = PBXContainerItemProxy;
			containerPortal = OBJ_1 /* Project object */;
			proxyType = 1;
			remoteGlobalIDString = "Files::Files";
			remoteInfo = Files;
		};
		02D90CFC2430DC6D009136A4 /* PBXContainerItemProxy */ = {
			isa = PBXContainerItemProxy;
			containerPortal = OBJ_1 /* Project object */;
			proxyType = 1;
			remoteGlobalIDString = "Tractor::Tractor";
			remoteInfo = Tractor;
		};
		02D90CFD2430DC6D009136A4 /* PBXContainerItemProxy */ = {
			isa = PBXContainerItemProxy;
			containerPortal = OBJ_1 /* Project object */;
			proxyType = 1;
			remoteGlobalIDString = "swift-argument-parser::ArgumentParser";
			remoteInfo = ArgumentParser;
		};
		02D90CFE2430DC6D009136A4 /* PBXContainerItemProxy */ = {
			isa = PBXContainerItemProxy;
			containerPortal = OBJ_1 /* Project object */;
			proxyType = 1;
			remoteGlobalIDString = "Tractor::TractorCore";
			remoteInfo = TractorCore;
		};
		02D90CFF2430DC6D009136A4 /* PBXContainerItemProxy */ = {
			isa = PBXContainerItemProxy;
			containerPortal = OBJ_1 /* Project object */;
			proxyType = 1;
			remoteGlobalIDString = "ShellOut::ShellOut";
			remoteInfo = ShellOut;
		};
		02D90D002430DC6D009136A4 /* PBXContainerItemProxy */ = {
			isa = PBXContainerItemProxy;
			containerPortal = OBJ_1 /* Project object */;
			proxyType = 1;
			remoteGlobalIDString = "Files::Files";
			remoteInfo = Files;
		};
		02D90D012430DC6D009136A4 /* PBXContainerItemProxy */ = {
			isa = PBXContainerItemProxy;
			containerPortal = OBJ_1 /* Project object */;
			proxyType = 1;
			remoteGlobalIDString = "Tractor::TractorTests";
			remoteInfo = TractorTests;
		};
/* End PBXContainerItemProxy section */

/* Begin PBXFileReference section */
		02D90D032431319F009136A4 /* XCResultOutputFileParser.swift */ = {isa = PBXFileReference; lastKnownFileType = sourcecode.swift; path = XCResultOutputFileParser.swift; sourceTree = "<group>"; };
		"Files::Files::Product" /* Files.framework */ = {isa = PBXFileReference; lastKnownFileType = wrapper.framework; path = Files.framework; sourceTree = BUILT_PRODUCTS_DIR; };
		OBJ_12 /* ReportModels.swift */ = {isa = PBXFileReference; lastKnownFileType = sourcecode.swift; path = ReportModels.swift; sourceTree = "<group>"; };
		OBJ_13 /* TractorOutput.swift */ = {isa = PBXFileReference; lastKnownFileType = sourcecode.swift; path = TractorOutput.swift; sourceTree = "<group>"; };
		OBJ_14 /* Tractor.swift */ = {isa = PBXFileReference; lastKnownFileType = sourcecode.swift; path = Tractor.swift; sourceTree = "<group>"; };
		OBJ_15 /* XCResultProcessor.swift */ = {isa = PBXFileReference; lastKnownFileType = sourcecode.swift; path = XCResultProcessor.swift; sourceTree = "<group>"; };
		OBJ_18 /* TractorTests.swift */ = {isa = PBXFileReference; lastKnownFileType = sourcecode.swift; path = TractorTests.swift; sourceTree = "<group>"; };
		OBJ_19 /* XCTestManifests.swift */ = {isa = PBXFileReference; lastKnownFileType = sourcecode.swift; path = XCTestManifests.swift; sourceTree = "<group>"; };
		OBJ_24 /* Argument.swift */ = {isa = PBXFileReference; lastKnownFileType = sourcecode.swift; path = Argument.swift; sourceTree = "<group>"; };
		OBJ_25 /* ArgumentHelp.swift */ = {isa = PBXFileReference; lastKnownFileType = sourcecode.swift; path = ArgumentHelp.swift; sourceTree = "<group>"; };
		OBJ_26 /* Errors.swift */ = {isa = PBXFileReference; lastKnownFileType = sourcecode.swift; path = Errors.swift; sourceTree = "<group>"; };
		OBJ_27 /* Flag.swift */ = {isa = PBXFileReference; lastKnownFileType = sourcecode.swift; path = Flag.swift; sourceTree = "<group>"; };
		OBJ_28 /* NameSpecification.swift */ = {isa = PBXFileReference; lastKnownFileType = sourcecode.swift; path = NameSpecification.swift; sourceTree = "<group>"; };
		OBJ_29 /* Option.swift */ = {isa = PBXFileReference; lastKnownFileType = sourcecode.swift; path = Option.swift; sourceTree = "<group>"; };
		OBJ_30 /* OptionGroup.swift */ = {isa = PBXFileReference; lastKnownFileType = sourcecode.swift; path = OptionGroup.swift; sourceTree = "<group>"; };
		OBJ_32 /* CommandConfiguration.swift */ = {isa = PBXFileReference; lastKnownFileType = sourcecode.swift; path = CommandConfiguration.swift; sourceTree = "<group>"; };
		OBJ_33 /* ExpressibleByArgument.swift */ = {isa = PBXFileReference; lastKnownFileType = sourcecode.swift; path = ExpressibleByArgument.swift; sourceTree = "<group>"; };
		OBJ_34 /* ParsableArguments.swift */ = {isa = PBXFileReference; lastKnownFileType = sourcecode.swift; path = ParsableArguments.swift; sourceTree = "<group>"; };
		OBJ_35 /* ParsableCommand.swift */ = {isa = PBXFileReference; lastKnownFileType = sourcecode.swift; path = ParsableCommand.swift; sourceTree = "<group>"; };
		OBJ_37 /* ArgumentDecoder.swift */ = {isa = PBXFileReference; lastKnownFileType = sourcecode.swift; path = ArgumentDecoder.swift; sourceTree = "<group>"; };
		OBJ_38 /* ArgumentDefinition.swift */ = {isa = PBXFileReference; lastKnownFileType = sourcecode.swift; path = ArgumentDefinition.swift; sourceTree = "<group>"; };
		OBJ_39 /* ArgumentSet.swift */ = {isa = PBXFileReference; lastKnownFileType = sourcecode.swift; path = ArgumentSet.swift; sourceTree = "<group>"; };
		OBJ_40 /* ArgumentSetSequence.swift */ = {isa = PBXFileReference; lastKnownFileType = sourcecode.swift; path = ArgumentSetSequence.swift; sourceTree = "<group>"; };
		OBJ_41 /* CommandParser.swift */ = {isa = PBXFileReference; lastKnownFileType = sourcecode.swift; path = CommandParser.swift; sourceTree = "<group>"; };
		OBJ_42 /* InputOrigin.swift */ = {isa = PBXFileReference; lastKnownFileType = sourcecode.swift; path = InputOrigin.swift; sourceTree = "<group>"; };
		OBJ_43 /* Name.swift */ = {isa = PBXFileReference; lastKnownFileType = sourcecode.swift; path = Name.swift; sourceTree = "<group>"; };
		OBJ_44 /* Parsed.swift */ = {isa = PBXFileReference; lastKnownFileType = sourcecode.swift; path = Parsed.swift; sourceTree = "<group>"; };
		OBJ_45 /* ParsedValues.swift */ = {isa = PBXFileReference; lastKnownFileType = sourcecode.swift; path = ParsedValues.swift; sourceTree = "<group>"; };
		OBJ_46 /* ParserError.swift */ = {isa = PBXFileReference; lastKnownFileType = sourcecode.swift; path = ParserError.swift; sourceTree = "<group>"; };
		OBJ_47 /* SplitArguments.swift */ = {isa = PBXFileReference; lastKnownFileType = sourcecode.swift; path = SplitArguments.swift; sourceTree = "<group>"; };
		OBJ_49 /* HelpCommand.swift */ = {isa = PBXFileReference; lastKnownFileType = sourcecode.swift; path = HelpCommand.swift; sourceTree = "<group>"; };
		OBJ_50 /* HelpGenerator.swift */ = {isa = PBXFileReference; lastKnownFileType = sourcecode.swift; path = HelpGenerator.swift; sourceTree = "<group>"; };
		OBJ_51 /* MessageInfo.swift */ = {isa = PBXFileReference; lastKnownFileType = sourcecode.swift; path = MessageInfo.swift; sourceTree = "<group>"; };
		OBJ_52 /* UsageGenerator.swift */ = {isa = PBXFileReference; lastKnownFileType = sourcecode.swift; path = UsageGenerator.swift; sourceTree = "<group>"; };
		OBJ_54 /* StringExtensions.swift */ = {isa = PBXFileReference; lastKnownFileType = sourcecode.swift; path = StringExtensions.swift; sourceTree = "<group>"; };
		OBJ_55 /* Tree.swift */ = {isa = PBXFileReference; lastKnownFileType = sourcecode.swift; path = Tree.swift; sourceTree = "<group>"; };
		OBJ_6 /* Package.swift */ = {isa = PBXFileReference; explicitFileType = sourcecode.swift; path = Package.swift; sourceTree = "<group>"; };
		OBJ_60 /* Package.swift */ = {isa = PBXFileReference; explicitFileType = sourcecode.swift; name = Package.swift; path = "/Users/fabricioserralvo/Desktop/Flaky/FlakyTestsProject/Tractor/Tractor/.build/checkouts/swift-argument-parser/Package.swift"; sourceTree = "<group>"; };
		OBJ_62 /* Package.swift */ = {isa = PBXFileReference; explicitFileType = sourcecode.swift; name = Package.swift; path = /Users/fabricioserralvo/Desktop/Flaky/FlakyTestsProject/Tractor/Tractor/.build/checkouts/ShellOut/Package.swift; sourceTree = "<group>"; };
		OBJ_63 /* ShellOut.swift */ = {isa = PBXFileReference; lastKnownFileType = sourcecode.swift; path = ShellOut.swift; sourceTree = "<group>"; };
		OBJ_65 /* Package.swift */ = {isa = PBXFileReference; explicitFileType = sourcecode.swift; name = Package.swift; path = /Users/fabricioserralvo/Desktop/Flaky/FlakyTestsProject/Tractor/Tractor/.build/checkouts/Files/Package.swift; sourceTree = "<group>"; };
		OBJ_66 /* Files.swift */ = {isa = PBXFileReference; lastKnownFileType = sourcecode.swift; path = Files.swift; sourceTree = "<group>"; };
		OBJ_74 /* LICENSE */ = {isa = PBXFileReference; lastKnownFileType = text; path = LICENSE; sourceTree = "<group>"; };
		OBJ_75 /* README.md */ = {isa = PBXFileReference; lastKnownFileType = net.daringfireball.markdown; path = README.md; sourceTree = "<group>"; };
		OBJ_9 /* main.swift */ = {isa = PBXFileReference; lastKnownFileType = sourcecode.swift; path = main.swift; sourceTree = "<group>"; };
		"ShellOut::ShellOut::Product" /* ShellOut.framework */ = {isa = PBXFileReference; lastKnownFileType = wrapper.framework; path = ShellOut.framework; sourceTree = BUILT_PRODUCTS_DIR; };
		"Tractor::Tractor::Product" /* Tractor */ = {isa = PBXFileReference; lastKnownFileType = text; path = Tractor; sourceTree = BUILT_PRODUCTS_DIR; };
		"Tractor::TractorCore::Product" /* TractorCore.framework */ = {isa = PBXFileReference; lastKnownFileType = wrapper.framework; path = TractorCore.framework; sourceTree = BUILT_PRODUCTS_DIR; };
		"Tractor::TractorTests::Product" /* TractorTests.xctest */ = {isa = PBXFileReference; lastKnownFileType = file; path = TractorTests.xctest; sourceTree = BUILT_PRODUCTS_DIR; };
		"swift-argument-parser::ArgumentParser::Product" /* ArgumentParser.framework */ = {isa = PBXFileReference; lastKnownFileType = wrapper.framework; path = ArgumentParser.framework; sourceTree = BUILT_PRODUCTS_DIR; };
/* End PBXFileReference section */

/* Begin PBXFrameworksBuildPhase section */
		OBJ_109 /* Frameworks */ = {
			isa = PBXFrameworksBuildPhase;
			buildActionMask = 0;
			files = (
			);
			runOnlyForDeploymentPostprocessing = 0;
		};
		OBJ_116 /* Frameworks */ = {
			isa = PBXFrameworksBuildPhase;
			buildActionMask = 0;
			files = (
			);
			runOnlyForDeploymentPostprocessing = 0;
		};
		OBJ_129 /* Frameworks */ = {
			isa = PBXFrameworksBuildPhase;
			buildActionMask = 0;
			files = (
			);
			runOnlyForDeploymentPostprocessing = 0;
		};
		OBJ_142 /* Frameworks */ = {
			isa = PBXFrameworksBuildPhase;
			buildActionMask = 0;
			files = (
				OBJ_143 /* ArgumentParser.framework in Frameworks */,
				OBJ_144 /* TractorCore.framework in Frameworks */,
				OBJ_145 /* ShellOut.framework in Frameworks */,
				OBJ_146 /* Files.framework in Frameworks */,
			);
			runOnlyForDeploymentPostprocessing = 0;
		};
		OBJ_160 /* Frameworks */ = {
			isa = PBXFrameworksBuildPhase;
			buildActionMask = 0;
			files = (
				OBJ_161 /* ShellOut.framework in Frameworks */,
				OBJ_162 /* Files.framework in Frameworks */,
			);
			runOnlyForDeploymentPostprocessing = 0;
		};
		OBJ_183 /* Frameworks */ = {
			isa = PBXFrameworksBuildPhase;
			buildActionMask = 0;
			files = (
				OBJ_184 /* ArgumentParser.framework in Frameworks */,
				OBJ_185 /* TractorCore.framework in Frameworks */,
				OBJ_186 /* ShellOut.framework in Frameworks */,
				OBJ_187 /* Files.framework in Frameworks */,
			);
			runOnlyForDeploymentPostprocessing = 0;
		};
/* End PBXFrameworksBuildPhase section */

/* Begin PBXGroup section */
		02D90D022430F0E0009136A4 /* Output */ = {
			isa = PBXGroup;
			children = (
				OBJ_13 /* TractorOutput.swift */,
			);
			path = Output;
			sourceTree = "<group>";
		};
		OBJ_10 /* TractorCore */ = {
			isa = PBXGroup;
			children = (
				02D90D022430F0E0009136A4 /* Output */,
				OBJ_11 /* Parser */,
				OBJ_14 /* Tractor.swift */,
			);
			name = TractorCore;
			path = Sources/TractorCore;
			sourceTree = SOURCE_ROOT;
		};
		OBJ_11 /* Parser */ = {
			isa = PBXGroup;
			children = (
				02D90D032431319F009136A4 /* XCResultOutputFileParser.swift */,
				OBJ_12 /* ReportModels.swift */,
				OBJ_15 /* XCResultProcessor.swift */,
			);
			path = Parser;
			sourceTree = "<group>";
		};
		OBJ_16 /* Tests */ = {
			isa = PBXGroup;
			children = (
				OBJ_17 /* TractorTests */,
			);
			name = Tests;
			sourceTree = SOURCE_ROOT;
		};
		OBJ_17 /* TractorTests */ = {
			isa = PBXGroup;
			children = (
				OBJ_18 /* TractorTests.swift */,
				OBJ_19 /* XCTestManifests.swift */,
			);
			name = TractorTests;
			path = Tests/TractorTests;
			sourceTree = SOURCE_ROOT;
		};
		OBJ_20 /* Dependencies */ = {
			isa = PBXGroup;
			children = (
				OBJ_21 /* swift-argument-parser 0.0.4 */,
				OBJ_61 /* ShellOut 2.3.0 */,
				OBJ_64 /* Files 4.1.1 */,
			);
			name = Dependencies;
			sourceTree = "<group>";
		};
		OBJ_21 /* swift-argument-parser 0.0.4 */ = {
			isa = PBXGroup;
			children = (
				OBJ_22 /* ArgumentParser */,
				OBJ_56 /* ArgumentParserTestHelpers */,
				OBJ_57 /* math */,
				OBJ_58 /* repeat */,
				OBJ_59 /* roll */,
				OBJ_60 /* Package.swift */,
			);
			name = "swift-argument-parser 0.0.4";
			sourceTree = SOURCE_ROOT;
		};
		OBJ_22 /* ArgumentParser */ = {
			isa = PBXGroup;
			children = (
				OBJ_23 /* Parsable Properties */,
				OBJ_31 /* Parsable Types */,
				OBJ_36 /* Parsing */,
				OBJ_48 /* Usage */,
				OBJ_53 /* Utilities */,
			);
			name = ArgumentParser;
			path = ".build/checkouts/swift-argument-parser/Sources/ArgumentParser";
			sourceTree = SOURCE_ROOT;
		};
		OBJ_23 /* Parsable Properties */ = {
			isa = PBXGroup;
			children = (
				OBJ_24 /* Argument.swift */,
				OBJ_25 /* ArgumentHelp.swift */,
				OBJ_26 /* Errors.swift */,
				OBJ_27 /* Flag.swift */,
				OBJ_28 /* NameSpecification.swift */,
				OBJ_29 /* Option.swift */,
				OBJ_30 /* OptionGroup.swift */,
			);
			path = "Parsable Properties";
			sourceTree = "<group>";
		};
		OBJ_31 /* Parsable Types */ = {
			isa = PBXGroup;
			children = (
				OBJ_32 /* CommandConfiguration.swift */,
				OBJ_33 /* ExpressibleByArgument.swift */,
				OBJ_34 /* ParsableArguments.swift */,
				OBJ_35 /* ParsableCommand.swift */,
			);
			path = "Parsable Types";
			sourceTree = "<group>";
		};
		OBJ_36 /* Parsing */ = {
			isa = PBXGroup;
			children = (
				OBJ_37 /* ArgumentDecoder.swift */,
				OBJ_38 /* ArgumentDefinition.swift */,
				OBJ_39 /* ArgumentSet.swift */,
				OBJ_40 /* ArgumentSetSequence.swift */,
				OBJ_41 /* CommandParser.swift */,
				OBJ_42 /* InputOrigin.swift */,
				OBJ_43 /* Name.swift */,
				OBJ_44 /* Parsed.swift */,
				OBJ_45 /* ParsedValues.swift */,
				OBJ_46 /* ParserError.swift */,
				OBJ_47 /* SplitArguments.swift */,
			);
			path = Parsing;
			sourceTree = "<group>";
		};
		OBJ_48 /* Usage */ = {
			isa = PBXGroup;
			children = (
				OBJ_49 /* HelpCommand.swift */,
				OBJ_50 /* HelpGenerator.swift */,
				OBJ_51 /* MessageInfo.swift */,
				OBJ_52 /* UsageGenerator.swift */,
			);
			path = Usage;
			sourceTree = "<group>";
		};
		OBJ_5 /*  */ = {
			isa = PBXGroup;
			children = (
				OBJ_6 /* Package.swift */,
				OBJ_7 /* Sources */,
				OBJ_16 /* Tests */,
				OBJ_20 /* Dependencies */,
				OBJ_67 /* Products */,
				OBJ_74 /* LICENSE */,
				OBJ_75 /* README.md */,
			);
			name = "";
			sourceTree = "<group>";
		};
		OBJ_53 /* Utilities */ = {
			isa = PBXGroup;
			children = (
				OBJ_54 /* StringExtensions.swift */,
				OBJ_55 /* Tree.swift */,
			);
			path = Utilities;
			sourceTree = "<group>";
		};
		OBJ_56 /* ArgumentParserTestHelpers */ = {
			isa = PBXGroup;
			children = (
			);
			name = ArgumentParserTestHelpers;
			path = ".build/checkouts/swift-argument-parser/Sources/ArgumentParserTestHelpers";
			sourceTree = SOURCE_ROOT;
		};
		OBJ_57 /* math */ = {
			isa = PBXGroup;
			children = (
			);
			name = math;
			path = ".build/checkouts/swift-argument-parser/Examples/math";
			sourceTree = SOURCE_ROOT;
		};
		OBJ_58 /* repeat */ = {
			isa = PBXGroup;
			children = (
			);
			name = repeat;
			path = ".build/checkouts/swift-argument-parser/Examples/repeat";
			sourceTree = SOURCE_ROOT;
		};
		OBJ_59 /* roll */ = {
			isa = PBXGroup;
			children = (
			);
			name = roll;
			path = ".build/checkouts/swift-argument-parser/Examples/roll";
			sourceTree = SOURCE_ROOT;
		};
		OBJ_61 /* ShellOut 2.3.0 */ = {
			isa = PBXGroup;
			children = (
				OBJ_62 /* Package.swift */,
				OBJ_63 /* ShellOut.swift */,
			);
			name = "ShellOut 2.3.0";
			path = .build/checkouts/ShellOut/Sources;
			sourceTree = SOURCE_ROOT;
		};
		OBJ_64 /* Files 4.1.1 */ = {
			isa = PBXGroup;
			children = (
				OBJ_65 /* Package.swift */,
				OBJ_66 /* Files.swift */,
			);
			name = "Files 4.1.1";
			path = .build/checkouts/Files/Sources;
			sourceTree = SOURCE_ROOT;
		};
		OBJ_67 /* Products */ = {
			isa = PBXGroup;
			children = (
				"swift-argument-parser::ArgumentParser::Product" /* ArgumentParser.framework */,
				"Tractor::Tractor::Product" /* Tractor */,
				"Tractor::TractorCore::Product" /* TractorCore.framework */,
				"ShellOut::ShellOut::Product" /* ShellOut.framework */,
				"Files::Files::Product" /* Files.framework */,
				"Tractor::TractorTests::Product" /* TractorTests.xctest */,
			);
			name = Products;
			sourceTree = BUILT_PRODUCTS_DIR;
		};
		OBJ_7 /* Sources */ = {
			isa = PBXGroup;
			children = (
				OBJ_8 /* Tractor */,
				OBJ_10 /* TractorCore */,
			);
			name = Sources;
			sourceTree = SOURCE_ROOT;
		};
		OBJ_8 /* Tractor */ = {
			isa = PBXGroup;
			children = (
				OBJ_9 /* main.swift */,
			);
			name = Tractor;
			path = Sources/Tractor;
			sourceTree = SOURCE_ROOT;
		};
/* End PBXGroup section */

/* Begin PBXNativeTarget section */
		"Files::Files" /* Files */ = {
			isa = PBXNativeTarget;
			buildConfigurationList = OBJ_111 /* Build configuration list for PBXNativeTarget "Files" */;
			buildPhases = (
				OBJ_114 /* Sources */,
				OBJ_116 /* Frameworks */,
			);
			buildRules = (
			);
			dependencies = (
			);
			name = Files;
			productName = Files;
			productReference = "Files::Files::Product" /* Files.framework */;
			productType = "com.apple.product-type.framework";
		};
		"Files::SwiftPMPackageDescription" /* FilesPackageDescription */ = {
			isa = PBXNativeTarget;
			buildConfigurationList = OBJ_118 /* Build configuration list for PBXNativeTarget "FilesPackageDescription" */;
			buildPhases = (
				OBJ_121 /* Sources */,
			);
			buildRules = (
			);
			dependencies = (
			);
			name = FilesPackageDescription;
			productName = FilesPackageDescription;
			productType = "com.apple.product-type.framework";
		};
		"ShellOut::ShellOut" /* ShellOut */ = {
			isa = PBXNativeTarget;
			buildConfigurationList = OBJ_124 /* Build configuration list for PBXNativeTarget "ShellOut" */;
			buildPhases = (
				OBJ_127 /* Sources */,
				OBJ_129 /* Frameworks */,
			);
			buildRules = (
			);
			dependencies = (
			);
			name = ShellOut;
			productName = ShellOut;
			productReference = "ShellOut::ShellOut::Product" /* ShellOut.framework */;
			productType = "com.apple.product-type.framework";
		};
		"ShellOut::SwiftPMPackageDescription" /* ShellOutPackageDescription */ = {
			isa = PBXNativeTarget;
			buildConfigurationList = OBJ_131 /* Build configuration list for PBXNativeTarget "ShellOutPackageDescription" */;
			buildPhases = (
				OBJ_134 /* Sources */,
			);
			buildRules = (
			);
			dependencies = (
			);
			name = ShellOutPackageDescription;
			productName = ShellOutPackageDescription;
			productType = "com.apple.product-type.framework";
		};
		"Tractor::SwiftPMPackageDescription" /* TractorPackageDescription */ = {
			isa = PBXNativeTarget;
			buildConfigurationList = OBJ_166 /* Build configuration list for PBXNativeTarget "TractorPackageDescription" */;
			buildPhases = (
				OBJ_169 /* Sources */,
			);
			buildRules = (
			);
			dependencies = (
			);
			name = TractorPackageDescription;
			productName = TractorPackageDescription;
			productType = "com.apple.product-type.framework";
		};
		"Tractor::Tractor" /* Tractor */ = {
			isa = PBXNativeTarget;
			buildConfigurationList = OBJ_137 /* Build configuration list for PBXNativeTarget "Tractor" */;
			buildPhases = (
				OBJ_140 /* Sources */,
				OBJ_142 /* Frameworks */,
			);
			buildRules = (
			);
			dependencies = (
				OBJ_147 /* PBXTargetDependency */,
				OBJ_148 /* PBXTargetDependency */,
				OBJ_150 /* PBXTargetDependency */,
				OBJ_151 /* PBXTargetDependency */,
			);
			name = Tractor;
			productName = Tractor;
			productReference = "Tractor::Tractor::Product" /* Tractor */;
			productType = "com.apple.product-type.tool";
		};
		"Tractor::TractorCore" /* TractorCore */ = {
			isa = PBXNativeTarget;
			buildConfigurationList = OBJ_152 /* Build configuration list for PBXNativeTarget "TractorCore" */;
			buildPhases = (
				OBJ_155 /* Sources */,
				OBJ_160 /* Frameworks */,
			);
			buildRules = (
			);
			dependencies = (
				OBJ_163 /* PBXTargetDependency */,
				OBJ_164 /* PBXTargetDependency */,
			);
			name = TractorCore;
			productName = TractorCore;
			productReference = "Tractor::TractorCore::Product" /* TractorCore.framework */;
			productType = "com.apple.product-type.framework";
		};
		"Tractor::TractorTests" /* TractorTests */ = {
			isa = PBXNativeTarget;
			buildConfigurationList = OBJ_177 /* Build configuration list for PBXNativeTarget "TractorTests" */;
			buildPhases = (
				OBJ_180 /* Sources */,
				OBJ_183 /* Frameworks */,
			);
			buildRules = (
			);
			dependencies = (
				OBJ_188 /* PBXTargetDependency */,
				OBJ_189 /* PBXTargetDependency */,
				OBJ_190 /* PBXTargetDependency */,
				OBJ_191 /* PBXTargetDependency */,
				OBJ_192 /* PBXTargetDependency */,
			);
			name = TractorTests;
			productName = TractorTests;
			productReference = "Tractor::TractorTests::Product" /* TractorTests.xctest */;
			productType = "com.apple.product-type.bundle.unit-test";
		};
		"swift-argument-parser::ArgumentParser" /* ArgumentParser */ = {
			isa = PBXNativeTarget;
			buildConfigurationList = OBJ_77 /* Build configuration list for PBXNativeTarget "ArgumentParser" */;
			buildPhases = (
				OBJ_80 /* Sources */,
				OBJ_109 /* Frameworks */,
			);
			buildRules = (
			);
			dependencies = (
			);
			name = ArgumentParser;
			productName = ArgumentParser;
			productReference = "swift-argument-parser::ArgumentParser::Product" /* ArgumentParser.framework */;
			productType = "com.apple.product-type.framework";
		};
		"swift-argument-parser::SwiftPMPackageDescription" /* swift-argument-parserPackageDescription */ = {
			isa = PBXNativeTarget;
			buildConfigurationList = OBJ_194 /* Build configuration list for PBXNativeTarget "swift-argument-parserPackageDescription" */;
			buildPhases = (
				OBJ_197 /* Sources */,
			);
			buildRules = (
			);
			dependencies = (
			);
			name = "swift-argument-parserPackageDescription";
			productName = "swift-argument-parserPackageDescription";
			productType = "com.apple.product-type.framework";
		};
/* End PBXNativeTarget section */

/* Begin PBXProject section */
		OBJ_1 /* Project object */ = {
			isa = PBXProject;
			attributes = {
				LastSwiftMigration = 9999;
				LastUpgradeCheck = 9999;
			};
			buildConfigurationList = OBJ_2 /* Build configuration list for PBXProject "Tractor" */;
			compatibilityVersion = "Xcode 3.2";
			developmentRegion = en;
			hasScannedForEncodings = 0;
			knownRegions = (
				en,
			);
			mainGroup = OBJ_5 /*  */;
			productRefGroup = OBJ_67 /* Products */;
			projectDirPath = "";
			projectRoot = "";
			targets = (
				"swift-argument-parser::ArgumentParser" /* ArgumentParser */,
				"Files::Files" /* Files */,
				"Files::SwiftPMPackageDescription" /* FilesPackageDescription */,
				"ShellOut::ShellOut" /* ShellOut */,
				"ShellOut::SwiftPMPackageDescription" /* ShellOutPackageDescription */,
				"Tractor::Tractor" /* Tractor */,
				"Tractor::TractorCore" /* TractorCore */,
				"Tractor::SwiftPMPackageDescription" /* TractorPackageDescription */,
				"Tractor::TractorPackageTests::ProductTarget" /* TractorPackageTests */,
				"Tractor::TractorTests" /* TractorTests */,
				"swift-argument-parser::SwiftPMPackageDescription" /* swift-argument-parserPackageDescription */,
			);
		};
/* End PBXProject section */

/* Begin PBXSourcesBuildPhase section */
		OBJ_114 /* Sources */ = {
			isa = PBXSourcesBuildPhase;
			buildActionMask = 0;
			files = (
				OBJ_115 /* Files.swift in Sources */,
			);
			runOnlyForDeploymentPostprocessing = 0;
		};
		OBJ_121 /* Sources */ = {
			isa = PBXSourcesBuildPhase;
			buildActionMask = 0;
			files = (
				OBJ_122 /* Package.swift in Sources */,
			);
			runOnlyForDeploymentPostprocessing = 0;
		};
		OBJ_127 /* Sources */ = {
			isa = PBXSourcesBuildPhase;
			buildActionMask = 0;
			files = (
				OBJ_128 /* ShellOut.swift in Sources */,
			);
			runOnlyForDeploymentPostprocessing = 0;
		};
		OBJ_134 /* Sources */ = {
			isa = PBXSourcesBuildPhase;
			buildActionMask = 0;
			files = (
				OBJ_135 /* Package.swift in Sources */,
			);
			runOnlyForDeploymentPostprocessing = 0;
		};
		OBJ_140 /* Sources */ = {
			isa = PBXSourcesBuildPhase;
			buildActionMask = 0;
			files = (
				OBJ_141 /* main.swift in Sources */,
			);
			runOnlyForDeploymentPostprocessing = 0;
		};
		OBJ_155 /* Sources */ = {
			isa = PBXSourcesBuildPhase;
			buildActionMask = 0;
			files = (
				02D90D042431319F009136A4 /* XCResultOutputFileParser.swift in Sources */,
				OBJ_156 /* ReportModels.swift in Sources */,
				OBJ_157 /* TractorOutput.swift in Sources */,
				OBJ_158 /* Tractor.swift in Sources */,
				OBJ_159 /* XCResultProcessor.swift in Sources */,
			);
			runOnlyForDeploymentPostprocessing = 0;
		};
		OBJ_169 /* Sources */ = {
			isa = PBXSourcesBuildPhase;
			buildActionMask = 0;
			files = (
				OBJ_170 /* Package.swift in Sources */,
			);
			runOnlyForDeploymentPostprocessing = 0;
		};
		OBJ_180 /* Sources */ = {
			isa = PBXSourcesBuildPhase;
			buildActionMask = 0;
			files = (
				OBJ_181 /* TractorTests.swift in Sources */,
				OBJ_182 /* XCTestManifests.swift in Sources */,
			);
			runOnlyForDeploymentPostprocessing = 0;
		};
		OBJ_197 /* Sources */ = {
			isa = PBXSourcesBuildPhase;
			buildActionMask = 0;
			files = (
				OBJ_198 /* Package.swift in Sources */,
			);
			runOnlyForDeploymentPostprocessing = 0;
		};
		OBJ_80 /* Sources */ = {
			isa = PBXSourcesBuildPhase;
			buildActionMask = 0;
			files = (
				OBJ_81 /* Argument.swift in Sources */,
				OBJ_82 /* ArgumentHelp.swift in Sources */,
				OBJ_83 /* Errors.swift in Sources */,
				OBJ_84 /* Flag.swift in Sources */,
				OBJ_85 /* NameSpecification.swift in Sources */,
				OBJ_86 /* Option.swift in Sources */,
				OBJ_87 /* OptionGroup.swift in Sources */,
				OBJ_88 /* CommandConfiguration.swift in Sources */,
				OBJ_89 /* ExpressibleByArgument.swift in Sources */,
				OBJ_90 /* ParsableArguments.swift in Sources */,
				OBJ_91 /* ParsableCommand.swift in Sources */,
				OBJ_92 /* ArgumentDecoder.swift in Sources */,
				OBJ_93 /* ArgumentDefinition.swift in Sources */,
				OBJ_94 /* ArgumentSet.swift in Sources */,
				OBJ_95 /* ArgumentSetSequence.swift in Sources */,
				OBJ_96 /* CommandParser.swift in Sources */,
				OBJ_97 /* InputOrigin.swift in Sources */,
				OBJ_98 /* Name.swift in Sources */,
				OBJ_99 /* Parsed.swift in Sources */,
				OBJ_100 /* ParsedValues.swift in Sources */,
				OBJ_101 /* ParserError.swift in Sources */,
				OBJ_102 /* SplitArguments.swift in Sources */,
				OBJ_103 /* HelpCommand.swift in Sources */,
				OBJ_104 /* HelpGenerator.swift in Sources */,
				OBJ_105 /* MessageInfo.swift in Sources */,
				OBJ_106 /* UsageGenerator.swift in Sources */,
				OBJ_107 /* StringExtensions.swift in Sources */,
				OBJ_108 /* Tree.swift in Sources */,
			);
			runOnlyForDeploymentPostprocessing = 0;
		};
/* End PBXSourcesBuildPhase section */

/* Begin PBXTargetDependency section */
		OBJ_147 /* PBXTargetDependency */ = {
			isa = PBXTargetDependency;
			target = "swift-argument-parser::ArgumentParser" /* ArgumentParser */;
			targetProxy = 02D90CF62430DC6D009136A4 /* PBXContainerItemProxy */;
		};
		OBJ_148 /* PBXTargetDependency */ = {
			isa = PBXTargetDependency;
			target = "Tractor::TractorCore" /* TractorCore */;
			targetProxy = 02D90CF72430DC6D009136A4 /* PBXContainerItemProxy */;
		};
		OBJ_150 /* PBXTargetDependency */ = {
			isa = PBXTargetDependency;
			target = "ShellOut::ShellOut" /* ShellOut */;
			targetProxy = 02D90CFA2430DC6D009136A4 /* PBXContainerItemProxy */;
		};
		OBJ_151 /* PBXTargetDependency */ = {
			isa = PBXTargetDependency;
			target = "Files::Files" /* Files */;
			targetProxy = 02D90CFB2430DC6D009136A4 /* PBXContainerItemProxy */;
		};
		OBJ_163 /* PBXTargetDependency */ = {
			isa = PBXTargetDependency;
			target = "ShellOut::ShellOut" /* ShellOut */;
			targetProxy = 02D90CF82430DC6D009136A4 /* PBXContainerItemProxy */;
		};
		OBJ_164 /* PBXTargetDependency */ = {
			isa = PBXTargetDependency;
			target = "Files::Files" /* Files */;
			targetProxy = 02D90CF92430DC6D009136A4 /* PBXContainerItemProxy */;
		};
		OBJ_175 /* PBXTargetDependency */ = {
			isa = PBXTargetDependency;
			target = "Tractor::TractorTests" /* TractorTests */;
			targetProxy = 02D90D012430DC6D009136A4 /* PBXContainerItemProxy */;
		};
		OBJ_188 /* PBXTargetDependency */ = {
			isa = PBXTargetDependency;
			target = "Tractor::Tractor" /* Tractor */;
			targetProxy = 02D90CFC2430DC6D009136A4 /* PBXContainerItemProxy */;
		};
		OBJ_189 /* PBXTargetDependency */ = {
			isa = PBXTargetDependency;
			target = "swift-argument-parser::ArgumentParser" /* ArgumentParser */;
			targetProxy = 02D90CFD2430DC6D009136A4 /* PBXContainerItemProxy */;
		};
		OBJ_190 /* PBXTargetDependency */ = {
			isa = PBXTargetDependency;
			target = "Tractor::TractorCore" /* TractorCore */;
			targetProxy = 02D90CFE2430DC6D009136A4 /* PBXContainerItemProxy */;
		};
		OBJ_191 /* PBXTargetDependency */ = {
			isa = PBXTargetDependency;
			target = "ShellOut::ShellOut" /* ShellOut */;
			targetProxy = 02D90CFF2430DC6D009136A4 /* PBXContainerItemProxy */;
		};
		OBJ_192 /* PBXTargetDependency */ = {
			isa = PBXTargetDependency;
			target = "Files::Files" /* Files */;
			targetProxy = 02D90D002430DC6D009136A4 /* PBXContainerItemProxy */;
		};
/* End PBXTargetDependency section */

/* Begin XCBuildConfiguration section */
		OBJ_112 /* Debug */ = {
			isa = XCBuildConfiguration;
			buildSettings = {
				ENABLE_TESTABILITY = YES;
				FRAMEWORK_SEARCH_PATHS = (
					"$(inherited)",
					"$(PLATFORM_DIR)/Developer/Library/Frameworks",
				);
				HEADER_SEARCH_PATHS = "$(inherited)";
				INFOPLIST_FILE = Tractor.xcodeproj/Files_Info.plist;
				IPHONEOS_DEPLOYMENT_TARGET = 8.0;
				LD_RUNPATH_SEARCH_PATHS = "$(inherited) $(TOOLCHAIN_DIR)/usr/lib/swift/macosx";
				MACOSX_DEPLOYMENT_TARGET = 10.10;
				OTHER_CFLAGS = "$(inherited)";
				OTHER_LDFLAGS = "$(inherited)";
				OTHER_SWIFT_FLAGS = "$(inherited)";
				PRODUCT_BUNDLE_IDENTIFIER = Files;
				PRODUCT_MODULE_NAME = "$(TARGET_NAME:c99extidentifier)";
				PRODUCT_NAME = "$(TARGET_NAME:c99extidentifier)";
				SKIP_INSTALL = YES;
				SWIFT_ACTIVE_COMPILATION_CONDITIONS = "$(inherited)";
				SWIFT_VERSION = 5.0;
				TARGET_NAME = Files;
				TVOS_DEPLOYMENT_TARGET = 9.0;
				WATCHOS_DEPLOYMENT_TARGET = 2.0;
			};
			name = Debug;
		};
		OBJ_113 /* Release */ = {
			isa = XCBuildConfiguration;
			buildSettings = {
				ENABLE_TESTABILITY = YES;
				FRAMEWORK_SEARCH_PATHS = (
					"$(inherited)",
					"$(PLATFORM_DIR)/Developer/Library/Frameworks",
				);
				HEADER_SEARCH_PATHS = "$(inherited)";
				INFOPLIST_FILE = Tractor.xcodeproj/Files_Info.plist;
				IPHONEOS_DEPLOYMENT_TARGET = 8.0;
				LD_RUNPATH_SEARCH_PATHS = "$(inherited) $(TOOLCHAIN_DIR)/usr/lib/swift/macosx";
				MACOSX_DEPLOYMENT_TARGET = 10.10;
				OTHER_CFLAGS = "$(inherited)";
				OTHER_LDFLAGS = "$(inherited)";
				OTHER_SWIFT_FLAGS = "$(inherited)";
				PRODUCT_BUNDLE_IDENTIFIER = Files;
				PRODUCT_MODULE_NAME = "$(TARGET_NAME:c99extidentifier)";
				PRODUCT_NAME = "$(TARGET_NAME:c99extidentifier)";
				SKIP_INSTALL = YES;
				SWIFT_ACTIVE_COMPILATION_CONDITIONS = "$(inherited)";
				SWIFT_VERSION = 5.0;
				TARGET_NAME = Files;
				TVOS_DEPLOYMENT_TARGET = 9.0;
				WATCHOS_DEPLOYMENT_TARGET = 2.0;
			};
			name = Release;
		};
		OBJ_119 /* Debug */ = {
			isa = XCBuildConfiguration;
			buildSettings = {
				LD = /usr/bin/true;
				OTHER_SWIFT_FLAGS = "-swift-version 5 -I $(TOOLCHAIN_DIR)/usr/lib/swift/pm/4_2 -target x86_64-apple-macosx10.10 -sdk /Applications/Xcode.app/Contents/Developer/Platforms/MacOSX.platform/Developer/SDKs/MacOSX10.15.sdk -package-description-version 5";
				SWIFT_VERSION = 5.0;
			};
			name = Debug;
		};
		OBJ_120 /* Release */ = {
			isa = XCBuildConfiguration;
			buildSettings = {
				LD = /usr/bin/true;
				OTHER_SWIFT_FLAGS = "-swift-version 5 -I $(TOOLCHAIN_DIR)/usr/lib/swift/pm/4_2 -target x86_64-apple-macosx10.10 -sdk /Applications/Xcode.app/Contents/Developer/Platforms/MacOSX.platform/Developer/SDKs/MacOSX10.15.sdk -package-description-version 5";
				SWIFT_VERSION = 5.0;
			};
			name = Release;
		};
		OBJ_125 /* Debug */ = {
			isa = XCBuildConfiguration;
			buildSettings = {
				ENABLE_TESTABILITY = YES;
				FRAMEWORK_SEARCH_PATHS = (
					"$(inherited)",
					"$(PLATFORM_DIR)/Developer/Library/Frameworks",
				);
				HEADER_SEARCH_PATHS = "$(inherited)";
				INFOPLIST_FILE = Tractor.xcodeproj/ShellOut_Info.plist;
				LD_RUNPATH_SEARCH_PATHS = "$(inherited) $(TOOLCHAIN_DIR)/usr/lib/swift/macosx";
				OTHER_CFLAGS = "$(inherited)";
				OTHER_LDFLAGS = "$(inherited)";
				OTHER_SWIFT_FLAGS = "$(inherited)";
				PRODUCT_BUNDLE_IDENTIFIER = ShellOut;
				PRODUCT_MODULE_NAME = "$(TARGET_NAME:c99extidentifier)";
				PRODUCT_NAME = "$(TARGET_NAME:c99extidentifier)";
				SKIP_INSTALL = YES;
				SWIFT_ACTIVE_COMPILATION_CONDITIONS = "$(inherited)";
				SWIFT_VERSION = 4.2;
				TARGET_NAME = ShellOut;
			};
			name = Debug;
		};
		OBJ_126 /* Release */ = {
			isa = XCBuildConfiguration;
			buildSettings = {
				ENABLE_TESTABILITY = YES;
				FRAMEWORK_SEARCH_PATHS = (
					"$(inherited)",
					"$(PLATFORM_DIR)/Developer/Library/Frameworks",
				);
				HEADER_SEARCH_PATHS = "$(inherited)";
				INFOPLIST_FILE = Tractor.xcodeproj/ShellOut_Info.plist;
				LD_RUNPATH_SEARCH_PATHS = "$(inherited) $(TOOLCHAIN_DIR)/usr/lib/swift/macosx";
				OTHER_CFLAGS = "$(inherited)";
				OTHER_LDFLAGS = "$(inherited)";
				OTHER_SWIFT_FLAGS = "$(inherited)";
				PRODUCT_BUNDLE_IDENTIFIER = ShellOut;
				PRODUCT_MODULE_NAME = "$(TARGET_NAME:c99extidentifier)";
				PRODUCT_NAME = "$(TARGET_NAME:c99extidentifier)";
				SKIP_INSTALL = YES;
				SWIFT_ACTIVE_COMPILATION_CONDITIONS = "$(inherited)";
				SWIFT_VERSION = 4.2;
				TARGET_NAME = ShellOut;
			};
			name = Release;
		};
		OBJ_132 /* Debug */ = {
			isa = XCBuildConfiguration;
			buildSettings = {
				LD = /usr/bin/true;
				OTHER_SWIFT_FLAGS = "-swift-version 4.2 -I $(TOOLCHAIN_DIR)/usr/lib/swift/pm/4_2 -target x86_64-apple-macosx10.10 -sdk /Applications/Xcode.app/Contents/Developer/Platforms/MacOSX.platform/Developer/SDKs/MacOSX10.15.sdk -package-description-version 4.2";
				SWIFT_VERSION = 4.2;
			};
			name = Debug;
		};
		OBJ_133 /* Release */ = {
			isa = XCBuildConfiguration;
			buildSettings = {
				LD = /usr/bin/true;
				OTHER_SWIFT_FLAGS = "-swift-version 4.2 -I $(TOOLCHAIN_DIR)/usr/lib/swift/pm/4_2 -target x86_64-apple-macosx10.10 -sdk /Applications/Xcode.app/Contents/Developer/Platforms/MacOSX.platform/Developer/SDKs/MacOSX10.15.sdk -package-description-version 4.2";
				SWIFT_VERSION = 4.2;
			};
			name = Release;
		};
		OBJ_138 /* Debug */ = {
			isa = XCBuildConfiguration;
			buildSettings = {
				FRAMEWORK_SEARCH_PATHS = (
					"$(inherited)",
					"$(PLATFORM_DIR)/Developer/Library/Frameworks",
				);
				HEADER_SEARCH_PATHS = "$(inherited)";
				INFOPLIST_FILE = Tractor.xcodeproj/Tractor_Info.plist;
				IPHONEOS_DEPLOYMENT_TARGET = 8.0;
				LD_RUNPATH_SEARCH_PATHS = "$(inherited) $(TOOLCHAIN_DIR)/usr/lib/swift/macosx @executable_path";
				MACOSX_DEPLOYMENT_TARGET = 10.10;
				OTHER_CFLAGS = "$(inherited)";
				OTHER_LDFLAGS = "$(inherited)";
				OTHER_SWIFT_FLAGS = "$(inherited)";
				SWIFT_ACTIVE_COMPILATION_CONDITIONS = "$(inherited)";
				SWIFT_FORCE_DYNAMIC_LINK_STDLIB = YES;
				SWIFT_FORCE_STATIC_LINK_STDLIB = NO;
				SWIFT_VERSION = 5.0;
				TARGET_NAME = Tractor;
				TVOS_DEPLOYMENT_TARGET = 9.0;
				WATCHOS_DEPLOYMENT_TARGET = 2.0;
			};
			name = Debug;
		};
		OBJ_139 /* Release */ = {
			isa = XCBuildConfiguration;
			buildSettings = {
				FRAMEWORK_SEARCH_PATHS = (
					"$(inherited)",
					"$(PLATFORM_DIR)/Developer/Library/Frameworks",
				);
				HEADER_SEARCH_PATHS = "$(inherited)";
				INFOPLIST_FILE = Tractor.xcodeproj/Tractor_Info.plist;
				IPHONEOS_DEPLOYMENT_TARGET = 8.0;
				LD_RUNPATH_SEARCH_PATHS = "$(inherited) $(TOOLCHAIN_DIR)/usr/lib/swift/macosx @executable_path";
				MACOSX_DEPLOYMENT_TARGET = 10.10;
				OTHER_CFLAGS = "$(inherited)";
				OTHER_LDFLAGS = "$(inherited)";
				OTHER_SWIFT_FLAGS = "$(inherited)";
				SWIFT_ACTIVE_COMPILATION_CONDITIONS = "$(inherited)";
				SWIFT_FORCE_DYNAMIC_LINK_STDLIB = YES;
				SWIFT_FORCE_STATIC_LINK_STDLIB = NO;
				SWIFT_VERSION = 5.0;
				TARGET_NAME = Tractor;
				TVOS_DEPLOYMENT_TARGET = 9.0;
				WATCHOS_DEPLOYMENT_TARGET = 2.0;
			};
			name = Release;
		};
		OBJ_153 /* Debug */ = {
			isa = XCBuildConfiguration;
			buildSettings = {
				ENABLE_TESTABILITY = YES;
				FRAMEWORK_SEARCH_PATHS = (
					"$(inherited)",
					"$(PLATFORM_DIR)/Developer/Library/Frameworks",
				);
				HEADER_SEARCH_PATHS = "$(inherited)";
				INFOPLIST_FILE = Tractor.xcodeproj/TractorCore_Info.plist;
				IPHONEOS_DEPLOYMENT_TARGET = 8.0;
				LD_RUNPATH_SEARCH_PATHS = "$(inherited) $(TOOLCHAIN_DIR)/usr/lib/swift/macosx";
				MACOSX_DEPLOYMENT_TARGET = 10.10;
				OTHER_CFLAGS = "$(inherited)";
				OTHER_LDFLAGS = "$(inherited)";
				OTHER_SWIFT_FLAGS = "$(inherited)";
				PRODUCT_BUNDLE_IDENTIFIER = TractorCore;
				PRODUCT_MODULE_NAME = "$(TARGET_NAME:c99extidentifier)";
				PRODUCT_NAME = "$(TARGET_NAME:c99extidentifier)";
				SKIP_INSTALL = YES;
				SWIFT_ACTIVE_COMPILATION_CONDITIONS = "$(inherited)";
				SWIFT_VERSION = 5.0;
				TARGET_NAME = TractorCore;
				TVOS_DEPLOYMENT_TARGET = 9.0;
				WATCHOS_DEPLOYMENT_TARGET = 2.0;
			};
			name = Debug;
		};
		OBJ_154 /* Release */ = {
			isa = XCBuildConfiguration;
			buildSettings = {
				ENABLE_TESTABILITY = YES;
				FRAMEWORK_SEARCH_PATHS = (
					"$(inherited)",
					"$(PLATFORM_DIR)/Developer/Library/Frameworks",
				);
				HEADER_SEARCH_PATHS = "$(inherited)";
				INFOPLIST_FILE = Tractor.xcodeproj/TractorCore_Info.plist;
				IPHONEOS_DEPLOYMENT_TARGET = 8.0;
				LD_RUNPATH_SEARCH_PATHS = "$(inherited) $(TOOLCHAIN_DIR)/usr/lib/swift/macosx";
				MACOSX_DEPLOYMENT_TARGET = 10.10;
				OTHER_CFLAGS = "$(inherited)";
				OTHER_LDFLAGS = "$(inherited)";
				OTHER_SWIFT_FLAGS = "$(inherited)";
				PRODUCT_BUNDLE_IDENTIFIER = TractorCore;
				PRODUCT_MODULE_NAME = "$(TARGET_NAME:c99extidentifier)";
				PRODUCT_NAME = "$(TARGET_NAME:c99extidentifier)";
				SKIP_INSTALL = YES;
				SWIFT_ACTIVE_COMPILATION_CONDITIONS = "$(inherited)";
				SWIFT_VERSION = 5.0;
				TARGET_NAME = TractorCore;
				TVOS_DEPLOYMENT_TARGET = 9.0;
				WATCHOS_DEPLOYMENT_TARGET = 2.0;
			};
			name = Release;
		};
		OBJ_167 /* Debug */ = {
			isa = XCBuildConfiguration;
			buildSettings = {
				LD = /usr/bin/true;
				OTHER_SWIFT_FLAGS = "-swift-version 5 -I $(TOOLCHAIN_DIR)/usr/lib/swift/pm/4_2 -target x86_64-apple-macosx10.10 -sdk /Applications/Xcode.app/Contents/Developer/Platforms/MacOSX.platform/Developer/SDKs/MacOSX10.15.sdk -package-description-version 5.1";
				SWIFT_VERSION = 5.0;
			};
			name = Debug;
		};
		OBJ_168 /* Release */ = {
			isa = XCBuildConfiguration;
			buildSettings = {
				LD = /usr/bin/true;
				OTHER_SWIFT_FLAGS = "-swift-version 5 -I $(TOOLCHAIN_DIR)/usr/lib/swift/pm/4_2 -target x86_64-apple-macosx10.10 -sdk /Applications/Xcode.app/Contents/Developer/Platforms/MacOSX.platform/Developer/SDKs/MacOSX10.15.sdk -package-description-version 5.1";
				SWIFT_VERSION = 5.0;
			};
			name = Release;
		};
		OBJ_173 /* Debug */ = {
			isa = XCBuildConfiguration;
			buildSettings = {
			};
			name = Debug;
		};
		OBJ_174 /* Release */ = {
			isa = XCBuildConfiguration;
			buildSettings = {
			};
			name = Release;
		};
		OBJ_178 /* Debug */ = {
			isa = XCBuildConfiguration;
			buildSettings = {
				CLANG_ENABLE_MODULES = YES;
				EMBEDDED_CONTENT_CONTAINS_SWIFT = YES;
				FRAMEWORK_SEARCH_PATHS = (
					"$(inherited)",
					"$(PLATFORM_DIR)/Developer/Library/Frameworks",
				);
				HEADER_SEARCH_PATHS = "$(inherited)";
				INFOPLIST_FILE = Tractor.xcodeproj/TractorTests_Info.plist;
				IPHONEOS_DEPLOYMENT_TARGET = 8.0;
				LD_RUNPATH_SEARCH_PATHS = "$(inherited) @loader_path/../Frameworks @loader_path/Frameworks";
				MACOSX_DEPLOYMENT_TARGET = 10.10;
				OTHER_CFLAGS = "$(inherited)";
				OTHER_LDFLAGS = "$(inherited)";
				OTHER_SWIFT_FLAGS = "$(inherited)";
				SWIFT_ACTIVE_COMPILATION_CONDITIONS = "$(inherited)";
				SWIFT_VERSION = 5.0;
				TARGET_NAME = TractorTests;
				TVOS_DEPLOYMENT_TARGET = 9.0;
				WATCHOS_DEPLOYMENT_TARGET = 2.0;
			};
			name = Debug;
		};
		OBJ_179 /* Release */ = {
			isa = XCBuildConfiguration;
			buildSettings = {
				CLANG_ENABLE_MODULES = YES;
				EMBEDDED_CONTENT_CONTAINS_SWIFT = YES;
				FRAMEWORK_SEARCH_PATHS = (
					"$(inherited)",
					"$(PLATFORM_DIR)/Developer/Library/Frameworks",
				);
				HEADER_SEARCH_PATHS = "$(inherited)";
				INFOPLIST_FILE = Tractor.xcodeproj/TractorTests_Info.plist;
				IPHONEOS_DEPLOYMENT_TARGET = 8.0;
				LD_RUNPATH_SEARCH_PATHS = "$(inherited) @loader_path/../Frameworks @loader_path/Frameworks";
				MACOSX_DEPLOYMENT_TARGET = 10.10;
				OTHER_CFLAGS = "$(inherited)";
				OTHER_LDFLAGS = "$(inherited)";
				OTHER_SWIFT_FLAGS = "$(inherited)";
				SWIFT_ACTIVE_COMPILATION_CONDITIONS = "$(inherited)";
				SWIFT_VERSION = 5.0;
				TARGET_NAME = TractorTests;
				TVOS_DEPLOYMENT_TARGET = 9.0;
				WATCHOS_DEPLOYMENT_TARGET = 2.0;
			};
			name = Release;
		};
		OBJ_195 /* Debug */ = {
			isa = XCBuildConfiguration;
			buildSettings = {
				LD = /usr/bin/true;
				OTHER_SWIFT_FLAGS = "-swift-version 5 -I $(TOOLCHAIN_DIR)/usr/lib/swift/pm/4_2 -target x86_64-apple-macosx10.10 -sdk /Applications/Xcode.app/Contents/Developer/Platforms/MacOSX.platform/Developer/SDKs/MacOSX10.15.sdk -package-description-version 5.1";
				SWIFT_VERSION = 5.0;
			};
			name = Debug;
		};
		OBJ_196 /* Release */ = {
			isa = XCBuildConfiguration;
			buildSettings = {
				LD = /usr/bin/true;
				OTHER_SWIFT_FLAGS = "-swift-version 5 -I $(TOOLCHAIN_DIR)/usr/lib/swift/pm/4_2 -target x86_64-apple-macosx10.10 -sdk /Applications/Xcode.app/Contents/Developer/Platforms/MacOSX.platform/Developer/SDKs/MacOSX10.15.sdk -package-description-version 5.1";
				SWIFT_VERSION = 5.0;
			};
			name = Release;
		};
		OBJ_3 /* Debug */ = {
			isa = XCBuildConfiguration;
			buildSettings = {
				CLANG_ENABLE_OBJC_ARC = YES;
				COMBINE_HIDPI_IMAGES = YES;
				COPY_PHASE_STRIP = NO;
				DEBUG_INFORMATION_FORMAT = dwarf;
				DYLIB_INSTALL_NAME_BASE = "@rpath";
				ENABLE_NS_ASSERTIONS = YES;
				GCC_OPTIMIZATION_LEVEL = 0;
				GCC_PREPROCESSOR_DEFINITIONS = (
					"$(inherited)",
					"SWIFT_PACKAGE=1",
					"DEBUG=1",
				);
				MACOSX_DEPLOYMENT_TARGET = 10.10;
				ONLY_ACTIVE_ARCH = YES;
				OTHER_SWIFT_FLAGS = "$(inherited) -DXcode";
				PRODUCT_NAME = "$(TARGET_NAME)";
				SDKROOT = macosx;
				SUPPORTED_PLATFORMS = "macosx iphoneos iphonesimulator appletvos appletvsimulator watchos watchsimulator";
				SWIFT_ACTIVE_COMPILATION_CONDITIONS = "$(inherited) SWIFT_PACKAGE DEBUG";
				SWIFT_OPTIMIZATION_LEVEL = "-Onone";
				USE_HEADERMAP = NO;
			};
			name = Debug;
		};
		OBJ_4 /* Release */ = {
			isa = XCBuildConfiguration;
			buildSettings = {
				CLANG_ENABLE_OBJC_ARC = YES;
				COMBINE_HIDPI_IMAGES = YES;
				COPY_PHASE_STRIP = YES;
				DEBUG_INFORMATION_FORMAT = "dwarf-with-dsym";
				DYLIB_INSTALL_NAME_BASE = "@rpath";
				GCC_OPTIMIZATION_LEVEL = s;
				GCC_PREPROCESSOR_DEFINITIONS = (
					"$(inherited)",
					"SWIFT_PACKAGE=1",
				);
				MACOSX_DEPLOYMENT_TARGET = 10.10;
				OTHER_SWIFT_FLAGS = "$(inherited) -DXcode";
				PRODUCT_NAME = "$(TARGET_NAME)";
				SDKROOT = macosx;
				SUPPORTED_PLATFORMS = "macosx iphoneos iphonesimulator appletvos appletvsimulator watchos watchsimulator";
				SWIFT_ACTIVE_COMPILATION_CONDITIONS = "$(inherited) SWIFT_PACKAGE";
				SWIFT_OPTIMIZATION_LEVEL = "-Owholemodule";
				USE_HEADERMAP = NO;
			};
			name = Release;
		};
		OBJ_78 /* Debug */ = {
			isa = XCBuildConfiguration;
			buildSettings = {
				ENABLE_TESTABILITY = YES;
				FRAMEWORK_SEARCH_PATHS = (
					"$(inherited)",
					"$(PLATFORM_DIR)/Developer/Library/Frameworks",
				);
				HEADER_SEARCH_PATHS = "$(inherited)";
				INFOPLIST_FILE = Tractor.xcodeproj/ArgumentParser_Info.plist;
				IPHONEOS_DEPLOYMENT_TARGET = 8.0;
				LD_RUNPATH_SEARCH_PATHS = "$(inherited) $(TOOLCHAIN_DIR)/usr/lib/swift/macosx";
				MACOSX_DEPLOYMENT_TARGET = 10.10;
				OTHER_CFLAGS = "$(inherited)";
				OTHER_LDFLAGS = "$(inherited)";
				OTHER_SWIFT_FLAGS = "$(inherited)";
				PRODUCT_BUNDLE_IDENTIFIER = ArgumentParser;
				PRODUCT_MODULE_NAME = "$(TARGET_NAME:c99extidentifier)";
				PRODUCT_NAME = "$(TARGET_NAME:c99extidentifier)";
				SKIP_INSTALL = YES;
				SWIFT_ACTIVE_COMPILATION_CONDITIONS = "$(inherited)";
				SWIFT_VERSION = 5.0;
				TARGET_NAME = ArgumentParser;
				TVOS_DEPLOYMENT_TARGET = 9.0;
				WATCHOS_DEPLOYMENT_TARGET = 2.0;
			};
			name = Debug;
		};
		OBJ_79 /* Release */ = {
			isa = XCBuildConfiguration;
			buildSettings = {
				ENABLE_TESTABILITY = YES;
				FRAMEWORK_SEARCH_PATHS = (
					"$(inherited)",
					"$(PLATFORM_DIR)/Developer/Library/Frameworks",
				);
				HEADER_SEARCH_PATHS = "$(inherited)";
				INFOPLIST_FILE = Tractor.xcodeproj/ArgumentParser_Info.plist;
				IPHONEOS_DEPLOYMENT_TARGET = 8.0;
				LD_RUNPATH_SEARCH_PATHS = "$(inherited) $(TOOLCHAIN_DIR)/usr/lib/swift/macosx";
				MACOSX_DEPLOYMENT_TARGET = 10.10;
				OTHER_CFLAGS = "$(inherited)";
				OTHER_LDFLAGS = "$(inherited)";
				OTHER_SWIFT_FLAGS = "$(inherited)";
				PRODUCT_BUNDLE_IDENTIFIER = ArgumentParser;
				PRODUCT_MODULE_NAME = "$(TARGET_NAME:c99extidentifier)";
				PRODUCT_NAME = "$(TARGET_NAME:c99extidentifier)";
				SKIP_INSTALL = YES;
				SWIFT_ACTIVE_COMPILATION_CONDITIONS = "$(inherited)";
				SWIFT_VERSION = 5.0;
				TARGET_NAME = ArgumentParser;
				TVOS_DEPLOYMENT_TARGET = 9.0;
				WATCHOS_DEPLOYMENT_TARGET = 2.0;
			};
			name = Release;
		};
/* End XCBuildConfiguration section */

/* Begin XCConfigurationList section */
		OBJ_111 /* Build configuration list for PBXNativeTarget "Files" */ = {
			isa = XCConfigurationList;
			buildConfigurations = (
				OBJ_112 /* Debug */,
				OBJ_113 /* Release */,
			);
			defaultConfigurationIsVisible = 0;
			defaultConfigurationName = Release;
		};
		OBJ_118 /* Build configuration list for PBXNativeTarget "FilesPackageDescription" */ = {
			isa = XCConfigurationList;
			buildConfigurations = (
				OBJ_119 /* Debug */,
				OBJ_120 /* Release */,
			);
			defaultConfigurationIsVisible = 0;
			defaultConfigurationName = Release;
		};
		OBJ_124 /* Build configuration list for PBXNativeTarget "ShellOut" */ = {
			isa = XCConfigurationList;
			buildConfigurations = (
				OBJ_125 /* Debug */,
				OBJ_126 /* Release */,
			);
			defaultConfigurationIsVisible = 0;
			defaultConfigurationName = Release;
		};
		OBJ_131 /* Build configuration list for PBXNativeTarget "ShellOutPackageDescription" */ = {
			isa = XCConfigurationList;
			buildConfigurations = (
				OBJ_132 /* Debug */,
				OBJ_133 /* Release */,
			);
			defaultConfigurationIsVisible = 0;
			defaultConfigurationName = Release;
		};
		OBJ_137 /* Build configuration list for PBXNativeTarget "Tractor" */ = {
			isa = XCConfigurationList;
			buildConfigurations = (
				OBJ_138 /* Debug */,
				OBJ_139 /* Release */,
			);
			defaultConfigurationIsVisible = 0;
			defaultConfigurationName = Release;
		};
		OBJ_152 /* Build configuration list for PBXNativeTarget "TractorCore" */ = {
			isa = XCConfigurationList;
			buildConfigurations = (
				OBJ_153 /* Debug */,
				OBJ_154 /* Release */,
			);
			defaultConfigurationIsVisible = 0;
			defaultConfigurationName = Release;
		};
		OBJ_166 /* Build configuration list for PBXNativeTarget "TractorPackageDescription" */ = {
			isa = XCConfigurationList;
			buildConfigurations = (
				OBJ_167 /* Debug */,
				OBJ_168 /* Release */,
			);
			defaultConfigurationIsVisible = 0;
			defaultConfigurationName = Release;
		};
		OBJ_172 /* Build configuration list for PBXAggregateTarget "TractorPackageTests" */ = {
			isa = XCConfigurationList;
			buildConfigurations = (
				OBJ_173 /* Debug */,
				OBJ_174 /* Release */,
			);
			defaultConfigurationIsVisible = 0;
			defaultConfigurationName = Release;
		};
		OBJ_177 /* Build configuration list for PBXNativeTarget "TractorTests" */ = {
			isa = XCConfigurationList;
			buildConfigurations = (
				OBJ_178 /* Debug */,
				OBJ_179 /* Release */,
			);
			defaultConfigurationIsVisible = 0;
			defaultConfigurationName = Release;
		};
		OBJ_194 /* Build configuration list for PBXNativeTarget "swift-argument-parserPackageDescription" */ = {
			isa = XCConfigurationList;
			buildConfigurations = (
				OBJ_195 /* Debug */,
				OBJ_196 /* Release */,
			);
			defaultConfigurationIsVisible = 0;
			defaultConfigurationName = Release;
		};
		OBJ_2 /* Build configuration list for PBXProject "Tractor" */ = {
			isa = XCConfigurationList;
			buildConfigurations = (
				OBJ_3 /* Debug */,
				OBJ_4 /* Release */,
			);
			defaultConfigurationIsVisible = 0;
			defaultConfigurationName = Release;
		};
		OBJ_77 /* Build configuration list for PBXNativeTarget "ArgumentParser" */ = {
			isa = XCConfigurationList;
			buildConfigurations = (
				OBJ_78 /* Debug */,
				OBJ_79 /* Release */,
			);
			defaultConfigurationIsVisible = 0;
			defaultConfigurationName = Release;
		};
/* End XCConfigurationList section */
	};
	rootObject = OBJ_1 /* Project object */;
}
